
Microsoft Visual Studio Solution File, Format Version 12.00
# Visual Studio Version 17
VisualStudioVersion = 17.11.35312.102
MinimumVisualStudioVersion = 10.0.40219.1
Project("{FAE04EC0-301F-11D3-BF4B-00C04F79EFBC}") = "EcommerceWeb", "EcommerceWeb\EcommerceWeb.csproj", "{5A959051-8427-4CC8-959E-B9FAD66E19FB}"
EndProject
Project("{FAE04EC0-301F-11D3-BF4B-00C04F79EFBC}") = "Ecommerce_BE.Contract.Repositories", "Ecommerce_BE.Contract.Repositories\Ecommerce_BE.Contract.Repositories.csproj", "{65550CE3-97D2-4AA8-82C4-B3AF327F3653}"
EndProject
Project("{FAE04EC0-301F-11D3-BF4B-00C04F79EFBC}") = "Ecommerce_BE.Core", "Ecommerce_BE.Core\Ecommerce_BE.Core.csproj", "{D93E0403-962C-44A5-A3FA-CF8349B9F447}"
EndProject
Project("{FAE04EC0-301F-11D3-BF4B-00C04F79EFBC}") = "Ecommecre_BE.Repositories", "Ecommecre_BE.Repositories\Ecommecre_BE.Repositories.csproj", "{A365675A-94F0-4A7A-850E-DE0F3EE037D7}"
EndProject
Project("{FAE04EC0-301F-11D3-BF4B-00C04F79EFBC}") = "Ecommerce_BE.Services", "Ecommerce_BE.Services\Ecommerce_BE.Services.csproj", "{271C7A9F-A5A0-480A-BF10-69936882280A}"
EndProject
Global
	GlobalSection(SolutionConfigurationPlatforms) = preSolution
		Debug|Any CPU = Debug|Any CPU
		Release|Any CPU = Release|Any CPU
	EndGlobalSection
	GlobalSection(ProjectConfigurationPlatforms) = postSolution
		{5A959051-8427-4CC8-959E-B9FAD66E19FB}.Debug|Any CPU.ActiveCfg = Debug|Any CPU
		{5A959051-8427-4CC8-959E-B9FAD66E19FB}.Debug|Any CPU.Build.0 = Debug|Any CPU
		{5A959051-8427-4CC8-959E-B9FAD66E19FB}.Release|Any CPU.ActiveCfg = Release|Any CPU
		{5A959051-8427-4CC8-959E-B9FAD66E19FB}.Release|Any CPU.Build.0 = Release|Any CPU
		{65550CE3-97D2-4AA8-82C4-B3AF327F3653}.Debug|Any CPU.ActiveCfg = Debug|Any CPU
		{65550CE3-97D2-4AA8-82C4-B3AF327F3653}.Debug|Any CPU.Build.0 = Debug|Any CPU
		{65550CE3-97D2-4AA8-82C4-B3AF327F3653}.Release|Any CPU.ActiveCfg = Release|Any CPU
		{65550CE3-97D2-4AA8-82C4-B3AF327F3653}.Release|Any CPU.Build.0 = Release|Any CPU
		{D93E0403-962C-44A5-A3FA-CF8349B9F447}.Debug|Any CPU.ActiveCfg = Debug|Any CPU
		{D93E0403-962C-44A5-A3FA-CF8349B9F447}.Debug|Any CPU.Build.0 = Debug|Any CPU
		{D93E0403-962C-44A5-A3FA-CF8349B9F447}.Release|Any CPU.ActiveCfg = Release|Any CPU
		{D93E0403-962C-44A5-A3FA-CF8349B9F447}.Release|Any CPU.Build.0 = Release|Any CPU
		{A365675A-94F0-4A7A-850E-DE0F3EE037D7}.Debug|Any CPU.ActiveCfg = Debug|Any CPU
		{A365675A-94F0-4A7A-850E-DE0F3EE037D7}.Debug|Any CPU.Build.0 = Debug|Any CPU
		{A365675A-94F0-4A7A-850E-DE0F3EE037D7}.Release|Any CPU.ActiveCfg = Release|Any CPU
		{A365675A-94F0-4A7A-850E-DE0F3EE037D7}.Release|Any CPU.Build.0 = Release|Any CPU
		{271C7A9F-A5A0-480A-BF10-69936882280A}.Debug|Any CPU.ActiveCfg = Debug|Any CPU
		{271C7A9F-A5A0-480A-BF10-69936882280A}.Debug|Any CPU.Build.0 = Debug|Any CPU
		{271C7A9F-A5A0-480A-BF10-69936882280A}.Release|Any CPU.ActiveCfg = Release|Any CPU
		{271C7A9F-A5A0-480A-BF10-69936882280A}.Release|Any CPU.Build.0 = Release|Any CPU
	EndGlobalSection
	GlobalSection(SolutionProperties) = preSolution
		HideSolutionNode = FALSE
	EndGlobalSection
	GlobalSection(ExtensibilityGlobals) = postSolution
		SolutionGuid = {C288470F-0BB6-488F-8BB5-9D0EFA41A916}
	EndGlobalSection
EndGlobal
